
Microsoft Visual Studio Solution File, Format Version 12.00
# Visual Studio Version 16
VisualStudioVersion = 16.0.31205.134
MinimumVisualStudioVersion = 10.0.40219.1
Project("{9A19103F-16F7-4668-BE54-9A1E7A4F7556}") = "YouTubeStreamTemplates", "YouTubeStreamTemplates\YouTubeStreamTemplates.csproj", "{A934E433-5183-4330-938E-220890D37DEC}"
EndProject
Project("{9A19103F-16F7-4668-BE54-9A1E7A4F7556}") = "YouTubeStreamTemplatesCrossPlatform", "YouTubeStreamTemplatesCrossPlatform\YouTubeStreamTemplatesCrossPlatform.csproj", "{FFEEFFF0-611A-4302-A17C-5F38A8D163B1}"
EndProject
Project("{54435603-DBB4-11D2-8724-00A0C9A8B90C}") = "WithWizard", "WithWizard\WithWizard.vdproj", "{5C13D3C6-2242-4D9C-8EF3-44D48C36D31E}"
EndProject
Project("{930C7802-8A8C-48F9-8165-68863BCCD9DD}") = "WiX Setup", "WiX Setup\WiX Setup.wixproj", "{1F87ECA7-1CFD-408D-A05C-514C71755100}"
EndProject
Global
	GlobalSection(SolutionConfigurationPlatforms) = preSolution
		Debug|Any CPU = Debug|Any CPU
		Debug|x86 = Debug|x86
		Release|Any CPU = Release|Any CPU
		Release|x86 = Release|x86
	EndGlobalSection
	GlobalSection(ProjectConfigurationPlatforms) = postSolution
		{A934E433-5183-4330-938E-220890D37DEC}.Debug|Any CPU.ActiveCfg = Debug|Any CPU
		{A934E433-5183-4330-938E-220890D37DEC}.Debug|Any CPU.Build.0 = Debug|Any CPU
		{A934E433-5183-4330-938E-220890D37DEC}.Debug|x86.ActiveCfg = Debug|Any CPU
		{A934E433-5183-4330-938E-220890D37DEC}.Debug|x86.Build.0 = Debug|Any CPU
		{A934E433-5183-4330-938E-220890D37DEC}.Release|Any CPU.ActiveCfg = Release|Any CPU
		{A934E433-5183-4330-938E-220890D37DEC}.Release|Any CPU.Build.0 = Release|Any CPU
		{A934E433-5183-4330-938E-220890D37DEC}.Release|x86.ActiveCfg = Release|Any CPU
		{A934E433-5183-4330-938E-220890D37DEC}.Release|x86.Build.0 = Release|Any CPU
		{FFEEFFF0-611A-4302-A17C-5F38A8D163B1}.Debug|Any CPU.ActiveCfg = Debug|Any CPU
		{FFEEFFF0-611A-4302-A17C-5F38A8D163B1}.Debug|Any CPU.Build.0 = Debug|Any CPU
		{FFEEFFF0-611A-4302-A17C-5F38A8D163B1}.Debug|x86.ActiveCfg = Debug|Any CPU
		{FFEEFFF0-611A-4302-A17C-5F38A8D163B1}.Debug|x86.Build.0 = Debug|Any CPU
		{FFEEFFF0-611A-4302-A17C-5F38A8D163B1}.Release|Any CPU.ActiveCfg = Release|Any CPU
		{FFEEFFF0-611A-4302-A17C-5F38A8D163B1}.Release|Any CPU.Build.0 = Release|Any CPU
		{FFEEFFF0-611A-4302-A17C-5F38A8D163B1}.Release|x86.ActiveCfg = Release|Any CPU
		{FFEEFFF0-611A-4302-A17C-5F38A8D163B1}.Release|x86.Build.0 = Release|Any CPU
		{5C13D3C6-2242-4D9C-8EF3-44D48C36D31E}.Debug|Any CPU.ActiveCfg = Debug
		{5C13D3C6-2242-4D9C-8EF3-44D48C36D31E}.Debug|x86.ActiveCfg = Debug
		{5C13D3C6-2242-4D9C-8EF3-44D48C36D31E}.Release|Any CPU.ActiveCfg = Release
		{5C13D3C6-2242-4D9C-8EF3-44D48C36D31E}.Release|x86.ActiveCfg = Release
		{1F87ECA7-1CFD-408D-A05C-514C71755100}.Debug|Any CPU.ActiveCfg = Debug|x86
		{1F87ECA7-1CFD-408D-A05C-514C71755100}.Debug|x86.ActiveCfg = Debug|x86
		{1F87ECA7-1CFD-408D-A05C-514C71755100}.Debug|x86.Build.0 = Debug|x86
		{1F87ECA7-1CFD-408D-A05C-514C71755100}.Release|Any CPU.ActiveCfg = Release|x86
		{1F87ECA7-1CFD-408D-A05C-514C71755100}.Release|x86.ActiveCfg = Release|x86
		{1F87ECA7-1CFD-408D-A05C-514C71755100}.Release|x86.Build.0 = Release|x86
	EndGlobalSection
	GlobalSection(SolutionProperties) = preSolution
		HideSolutionNode = FALSE
	EndGlobalSection
	GlobalSection(ExtensibilityGlobals) = postSolution
		SolutionGuid = {2A128A47-4824-4444-B1EF-2346B0C7D999}
	EndGlobalSection
EndGlobal
